<?xml version="1.0" encoding="utf-8"?>
<Project ToolsVersion="4.0" xmlns="http://schemas.microsoft.com/developer/msbuild/2003">
  <ItemGroup>
    <Filter Include="Source Files">
      <UniqueIdentifier>{4FC737F1-C7A5-4376-A066-2A32D752A2FF}</UniqueIdentifier>
      <Extensions>cpp;c;cc;cxx;def;odl;idl;hpj;bat;asm;asmx</Extensions>
    </Filter>
    <Filter Include="Header Files">
      <UniqueIdentifier>{93995380-89BD-4b04-88EB-625FBE52EBFB}</UniqueIdentifier>
      <Extensions>h;hh;hpp;hxx;hm;inl;inc;ipp;xsd</Extensions>
    </Filter>
    <Filter Include="Resource Files">
      <UniqueIdentifier>{67DA6AB6-F800-4c08-8B7A-83BB121AAD01}</UniqueIdentifier>
      <Extensions>rc;ico;cur;bmp;dlg;rc2;rct;bin;rgs;gif;jpg;jpeg;jpe;resx;tiff;tif;png;wav;mfcribbon-ms</Extensions>
    </Filter>
    <Filter Include="Resource Files\Shaders">
      <UniqueIdentifier>{8f97af8c-b79f-473b-b773-fbf68c2dbc71}</UniqueIdentifier>
    </Filter>
    <Filter Include="Resource Files\Shaders\frag">
      <UniqueIdentifier>{a469f2d3-5617-4620-9b37-0c916332f298}</UniqueIdentifier>
    </Filter>
    <Filter Include="Resource Files\Shaders\vert">
      <UniqueIdentifier>{0a6ee48f-9dd3-4656-99fc-60fbe2926649}</UniqueIdentifier>
    </Filter>
    <Filter Include="Resource Files\Shaders\geom">
      <UniqueIdentifier>{b567b514-50b0-4e54-8c26-f24edbcc88be}</UniqueIdentifier>
    </Filter>
    <Filter Include="Resource Files\Shaders\tese">
      <UniqueIdentifier>{c8310ec6-bf9a-40f8-859f-7052e9fb1495}</UniqueIdentifier>
    </Filter>
    <Filter Include="Resource Files\Shaders\tesc">
      <UniqueIdentifier>{10b3bb55-ed0a-43a0-b05e-6fe4cb06e369}</UniqueIdentifier>
    </Filter>
  </ItemGroup>
  <ItemGroup>
    <ClCompile Include="Source.cpp">
      <Filter>Source Files</Filter>
    </ClCompile>
    <ClCompile Include="ShaderLoader.cpp">
      <Filter>Source Files</Filter>
    </ClCompile>
    <ClCompile Include="CVertexArray.cpp">
      <Filter>Source Files</Filter>
    </ClCompile>
    <ClCompile Include="CShape.cpp">
      <Filter>Source Files</Filter>
    </ClCompile>
    <ClCompile Include="CUniform.cpp">
      <Filter>Source Files</Filter>
    </ClCompile>
    <ClCompile Include="TextLabel.cpp">
      <Filter>Source Files</Filter>
    </ClCompile>
    <ClCompile Include="CCamera.cpp">
      <Filter>Source Files</Filter>
    </ClCompile>
    <ClCompile Include="CMesh.cpp">
      <Filter>Source Files</Filter>
    </ClCompile>
    <ClCompile Include="CAudioSystem.cpp">
      <Filter>Source Files</Filter>
    </ClCompile>
    <ClCompile Include="CObjectManager.cpp">
      <Filter>Source Files</Filter>
    </ClCompile>
    <ClCompile Include="CLightManager.cpp">
      <Filter>Source Files</Filter>
    </ClCompile>
  </ItemGroup>
  <ItemGroup>
    <ClInclude Include="Source.h">
      <Filter>Header Files</Filter>
    </ClInclude>
    <ClInclude Include="ShaderLoader.h">
      <Filter>Header Files</Filter>
    </ClInclude>
    <ClInclude Include="CVertexArray.h">
      <Filter>Header Files</Filter>
    </ClInclude>
    <ClInclude Include="CShape.h">
      <Filter>Header Files</Filter>
    </ClInclude>
    <ClInclude Include="CUniform.h">
      <Filter>Header Files</Filter>
    </ClInclude>
    <ClInclude Include="TextLabel.h">
      <Filter>Header Files</Filter>
    </ClInclude>
    <ClInclude Include="Utility.h">
      <Filter>Header Files</Filter>
    </ClInclude>
    <ClInclude Include="CCamera.h">
      <Filter>Header Files</Filter>
    </ClInclude>
    <ClInclude Include="CMesh.h">
      <Filter>Header Files</Filter>
    </ClInclude>
    <ClInclude Include="CAudioSystem.h">
      <Filter>Header Files</Filter>
    </ClInclude>
    <ClInclude Include="CObjectManager.h">
      <Filter>Header Files</Filter>
    </ClInclude>
    <ClInclude Include="CLightManager.h">
      <Filter>Header Files</Filter>
    </ClInclude>
  </ItemGroup>
  <ItemGroup>
    <Text Include="Resources\Shaders\Triangle.vert">
      <Filter>Resource Files\Shaders\vert</Filter>
    </Text>
    <Text Include="Resources\Shaders\Color.frag">
      <Filter>Resource Files\Shaders\frag</Filter>
    </Text>
    <Text Include="Resources\Shaders\VertexColorFade.frag">
      <Filter>Resource Files\Shaders\frag</Filter>
    </Text>
  </ItemGroup>
  <ItemGroup>
    <None Include="Resources\Shaders\ClipSpace.vert">
      <Filter>Resource Files\Shaders\vert</Filter>
    </None>
    <None Include="Resources\Shaders\NDC_Texture.vert">
      <Filter>Resource Files\Shaders\vert</Filter>
    </None>
    <None Include="Resources\Shaders\Quad.vert">
      <Filter>Resource Files\Shaders\vert</Filter>
    </None>
    <None Include="Resources\Shaders\WorldSpace.vert">
      <Filter>Resource Files\Shaders\vert</Filter>
    </None>
    <None Include="Resources\Shaders\Texture.frag">
      <Filter>Resource Files\Shaders\frag</Filter>
    </None>
    <None Include="Resources\Shaders\TextureMix.frag">
      <Filter>Resource Files\Shaders\frag</Filter>
    </None>
    <None Include="Resources\Shaders\Fractal.frag">
      <Filter>Resource Files\Shaders\frag</Filter>
    </None>
    <None Include="Resources\Shaders\Text.frag">
      <Filter>Resource Files\Shaders\frag</Filter>
    </None>
    <None Include="Resources\Shaders\Text.vert">
      <Filter>Resource Files\Shaders\vert</Filter>
    </None>
    <None Include="Resources\Shaders\TextScroll.vert">
      <Filter>Resource Files\Shaders\vert</Filter>
    </None>
    <None Include="Resources\Shaders\TextScroll.frag">
      <Filter>Resource Files\Shaders\frag</Filter>
    </None>
    <None Include="Resources\Shaders\3D_Normals.vert">
      <Filter>Resource Files\Shaders\vert</Filter>
    </None>
    <None Include="Resources\Shaders\3DLight_Phong.frag">
      <Filter>Resource Files\Shaders\frag</Filter>
    </None>
    <None Include="Resources\Shaders\3DLight_BlinnPhong.frag">
      <Filter>Resource Files\Shaders\frag</Filter>
    </None>
    <None Include="Resources\Shaders\Gouraud.vert">
      <Filter>Resource Files\Shaders\vert</Filter>
    </None>
    <None Include="Resources\Shaders\Gouraud.frag">
      <Filter>Resource Files\Shaders\frag</Filter>
    </None>
    <None Include="Resources\Shaders\Skybox.vert">
      <Filter>Resource Files\Shaders\vert</Filter>
    </None>
    <None Include="Resources\Shaders\Skybox.frag">
      <Filter>Resource Files\Shaders\frag</Filter>
    </None>
    <None Include="Resources\Shaders\PositionOnly.vert">
      <Filter>Resource Files\Shaders\vert</Filter>
    </None>
    <None Include="Resources\Shaders\ColourOnly.frag">
      <Filter>Resource Files\Shaders\frag</Filter>
    </None>
    <None Include="Resources\Shaders\GeomVert.vert">
      <Filter>Resource Files\Shaders\vert</Filter>
    </None>
    <None Include="Resources\Shaders\GeomGeom.geom">
      <Filter>Resource Files\Shaders\geom</Filter>
    </None>
    <None Include="Resources\Shaders\GeomFrag.frag">
      <Filter>Resource Files\Shaders\frag</Filter>
    </None>
    <None Include="Resources\Shaders\TextureScanlineBlur.frag">
      <Filter>Resource Files\Shaders\frag</Filter>
    </None>
    <None Include="Resources\Shaders\TextureOnly.frag">
      <Filter>Resource Files\Shaders\frag</Filter>
    </None>
    <None Include="Resources\Shaders\QuadTes.tese">
      <Filter>Resource Files\Shaders\tese</Filter>
    </None>
    <None Include="Resources\Shaders\QuadTes.tesc">
      <Filter>Resource Files\Shaders\tesc</Filter>
    </None>
    <None Include="Resources\Shaders\PositionOnlyNoPVM.vert">
      <Filter>Resource Files\Shaders\vert</Filter>
    </None>
  </ItemGroup>
</Project>